
Microsoft Visual Studio Solution File, Format Version 12.00
# Visual Studio Version 17
VisualStudioVersion = 17.1.31911.260
MinimumVisualStudioVersion = 10.0.40219.1
Project("{FAE04EC0-301F-11D3-BF4B-00C04F79EFBC}") = "TrackerLibrary", "TrackerLibrary\TrackerLibrary.csproj", "{CD8637F9-010F-43EC-83E7-2522B4108CA6}"
EndProject
Global
	GlobalSection(SolutionConfigurationPlatforms) = preSolution
		Debug|Any CPU = Debug|Any CPU
		Release|Any CPU = Release|Any CPU
	EndGlobalSection
	GlobalSection(ProjectConfigurationPlatforms) = postSolution
		{CD8637F9-010F-43EC-83E7-2522B4108CA6}.Debug|Any CPU.ActiveCfg = Debug|Any CPU
		{CD8637F9-010F-43EC-83E7-2522B4108CA6}.Debug|Any CPU.Build.0 = Debug|Any CPU
		{CD8637F9-010F-43EC-83E7-2522B4108CA6}.Release|Any CPU.ActiveCfg = Release|Any CPU
		{CD8637F9-010F-43EC-83E7-2522B4108CA6}.Release|Any CPU.Build.0 = Release|Any CPU
	EndGlobalSection
	GlobalSection(SolutionProperties) = preSolution
		HideSolutionNode = FALSE
	EndGlobalSection
	GlobalSection(ExtensibilityGlobals) = postSolution
		SolutionGuid = {7B49071A-61CB-466D-BE7D-727BD3523490}
	EndGlobalSection
EndGlobal
